
Microsoft Visual Studio Solution File, Format Version 12.00
# Visual Studio Version 16
VisualStudioVersion = 16.0.30011.22
MinimumVisualStudioVersion = 10.0.40219.1
Project("{9A19103F-16F7-4668-BE54-9A1E7A4F7556}") = "Sample", "Sample\Sample.csproj", "{5D5A3E47-07CD-49A1-90F9-42A6A93E840D}"
EndProject
Project("{9A19103F-16F7-4668-BE54-9A1E7A4F7556}") = "Flattener", "Flatterner\Flattener.csproj", "{BDCA300F-AAC5-4A12-941C-6325CCA26A5E}"
EndProject
Global
	GlobalSection(SolutionConfigurationPlatforms) = preSolution
		Debug|Any CPU = Debug|Any CPU
		Release|Any CPU = Release|Any CPU
	EndGlobalSection
	GlobalSection(ProjectConfigurationPlatforms) = postSolution
		{5D5A3E47-07CD-49A1-90F9-42A6A93E840D}.Debug|Any CPU.ActiveCfg = Debug|Any CPU
		{5D5A3E47-07CD-49A1-90F9-42A6A93E840D}.Debug|Any CPU.Build.0 = Debug|Any CPU
		{5D5A3E47-07CD-49A1-90F9-42A6A93E840D}.Release|Any CPU.ActiveCfg = Release|Any CPU
		{5D5A3E47-07CD-49A1-90F9-42A6A93E840D}.Release|Any CPU.Build.0 = Release|Any CPU
		{BDCA300F-AAC5-4A12-941C-6325CCA26A5E}.Debug|Any CPU.ActiveCfg = Debug|Any CPU
		{BDCA300F-AAC5-4A12-941C-6325CCA26A5E}.Debug|Any CPU.Build.0 = Debug|Any CPU
		{BDCA300F-AAC5-4A12-941C-6325CCA26A5E}.Release|Any CPU.ActiveCfg = Release|Any CPU
		{BDCA300F-AAC5-4A12-941C-6325CCA26A5E}.Release|Any CPU.Build.0 = Release|Any CPU
	EndGlobalSection
	GlobalSection(SolutionProperties) = preSolution
		HideSolutionNode = FALSE
	EndGlobalSection
	GlobalSection(ExtensibilityGlobals) = postSolution
		SolutionGuid = {BF3DF169-4295-41E0-A96B-2A0F85801C8D}
	EndGlobalSection
EndGlobal
